
Microsoft Visual Studio Solution File, Format Version 12.00
# Visual Studio Version 17
VisualStudioVersion = 17.1.32319.34
MinimumVisualStudioVersion = 10.0.40219.1
Project("{9A19103F-16F7-4668-BE54-9A1E7A4F7556}") = "Cyberspace.Academy", "Cyberspace.Academy\Cyberspace.Academy.csproj", "{1C78E131-2500-423B-9D1D-DFC1FAA937DC}"
EndProject
Project("{9A19103F-16F7-4668-BE54-9A1E7A4F7556}") = "CLASSWORK", "CLASSWORK\CLASSWORK.csproj", "{C2CD2A52-2805-40D9-8029-1E6102670BFF}"
EndProject
Project("{FAE04EC0-301F-11D3-BF4B-00C04F79EFBC}") = "PRACTICE", "PRACTICE\PRACTICE.csproj", "{CB667C3D-A2E2-4758-8B2C-26852158B18F}"
EndProject
Global
	GlobalSection(SolutionConfigurationPlatforms) = preSolution
		Debug|Any CPU = Debug|Any CPU
		Release|Any CPU = Release|Any CPU
	EndGlobalSection
	GlobalSection(ProjectConfigurationPlatforms) = postSolution
		{1C78E131-2500-423B-9D1D-DFC1FAA937DC}.Debug|Any CPU.ActiveCfg = Debug|Any CPU
		{1C78E131-2500-423B-9D1D-DFC1FAA937DC}.Debug|Any CPU.Build.0 = Debug|Any CPU
		{1C78E131-2500-423B-9D1D-DFC1FAA937DC}.Release|Any CPU.ActiveCfg = Release|Any CPU
		{1C78E131-2500-423B-9D1D-DFC1FAA937DC}.Release|Any CPU.Build.0 = Release|Any CPU
		{C2CD2A52-2805-40D9-8029-1E6102670BFF}.Debug|Any CPU.ActiveCfg = Debug|Any CPU
		{C2CD2A52-2805-40D9-8029-1E6102670BFF}.Debug|Any CPU.Build.0 = Debug|Any CPU
		{C2CD2A52-2805-40D9-8029-1E6102670BFF}.Release|Any CPU.ActiveCfg = Release|Any CPU
		{C2CD2A52-2805-40D9-8029-1E6102670BFF}.Release|Any CPU.Build.0 = Release|Any CPU
		{CB667C3D-A2E2-4758-8B2C-26852158B18F}.Debug|Any CPU.ActiveCfg = Debug|Any CPU
		{CB667C3D-A2E2-4758-8B2C-26852158B18F}.Debug|Any CPU.Build.0 = Debug|Any CPU
		{CB667C3D-A2E2-4758-8B2C-26852158B18F}.Release|Any CPU.ActiveCfg = Release|Any CPU
		{CB667C3D-A2E2-4758-8B2C-26852158B18F}.Release|Any CPU.Build.0 = Release|Any CPU
	EndGlobalSection
	GlobalSection(SolutionProperties) = preSolution
		HideSolutionNode = FALSE
	EndGlobalSection
	GlobalSection(ExtensibilityGlobals) = postSolution
		SolutionGuid = {BF40B72D-A36F-4C4E-8FE2-F657368B4972}
	EndGlobalSection
EndGlobal
